
Microsoft Visual Studio Solution File, Format Version 12.00
# Visual Studio Version 17
VisualStudioVersion = 17.8.34309.116
MinimumVisualStudioVersion = 10.0.40219.1
Project("{9A19103F-16F7-4668-BE54-9A1E7A4F7556}") = "BackEnd", "BackEnd\BackEnd.csproj", "{FFC3060E-7FF5-40F1-9AE5-5D267D466F75}"
EndProject
Project("{FAE04EC0-301F-11D3-BF4B-00C04F79EFBC}") = "Testing", "Testing\Testing.csproj", "{494CBFF0-B53E-4FCD-B4F9-5AE3E795BDD4}"
EndProject
Global
	GlobalSection(SolutionConfigurationPlatforms) = preSolution
		Debug|Any CPU = Debug|Any CPU
		Release|Any CPU = Release|Any CPU
	EndGlobalSection
	GlobalSection(ProjectConfigurationPlatforms) = postSolution
		{FFC3060E-7FF5-40F1-9AE5-5D267D466F75}.Debug|Any CPU.ActiveCfg = Debug|Any CPU
		{FFC3060E-7FF5-40F1-9AE5-5D267D466F75}.Debug|Any CPU.Build.0 = Debug|Any CPU
		{FFC3060E-7FF5-40F1-9AE5-5D267D466F75}.Release|Any CPU.ActiveCfg = Release|Any CPU
		{FFC3060E-7FF5-40F1-9AE5-5D267D466F75}.Release|Any CPU.Build.0 = Release|Any CPU
		{494CBFF0-B53E-4FCD-B4F9-5AE3E795BDD4}.Debug|Any CPU.ActiveCfg = Debug|Any CPU
		{494CBFF0-B53E-4FCD-B4F9-5AE3E795BDD4}.Debug|Any CPU.Build.0 = Debug|Any CPU
		{494CBFF0-B53E-4FCD-B4F9-5AE3E795BDD4}.Release|Any CPU.ActiveCfg = Release|Any CPU
		{494CBFF0-B53E-4FCD-B4F9-5AE3E795BDD4}.Release|Any CPU.Build.0 = Release|Any CPU
	EndGlobalSection
	GlobalSection(SolutionProperties) = preSolution
		HideSolutionNode = FALSE
	EndGlobalSection
	GlobalSection(ExtensibilityGlobals) = postSolution
		SolutionGuid = {9B840644-D2E3-4218-908C-C2176DAAB46A}
	EndGlobalSection
EndGlobal
